
Microsoft Visual Studio Solution File, Format Version 12.00
# Visual Studio Version 16
VisualStudioVersion = 25.0.1706.7
MinimumVisualStudioVersion = 10.0.40219.1
Project("{FAE04EC0-301F-11D3-BF4B-00C04F79EFBC}") = "atm-service", "atm-service\atm-service.csproj", "{6FF685E7-4B13-4573-872F-0350686F4C29}"
EndProject
Project("{FAE04EC0-301F-11D3-BF4B-00C04F79EFBC}") = "tests", "tests\tests.csproj", "{C5CCBBC4-8DBF-41B9-9F7C-9AB02C32F0FF}"
EndProject
Global
	GlobalSection(SolutionConfigurationPlatforms) = preSolution
		Debug|Any CPU = Debug|Any CPU
		Release|Any CPU = Release|Any CPU
	EndGlobalSection
	GlobalSection(ProjectConfigurationPlatforms) = postSolution
		{6FF685E7-4B13-4573-872F-0350686F4C29}.Debug|Any CPU.ActiveCfg = Debug|Any CPU
		{6FF685E7-4B13-4573-872F-0350686F4C29}.Debug|Any CPU.Build.0 = Debug|Any CPU
		{6FF685E7-4B13-4573-872F-0350686F4C29}.Release|Any CPU.ActiveCfg = Release|Any CPU
		{6FF685E7-4B13-4573-872F-0350686F4C29}.Release|Any CPU.Build.0 = Release|Any CPU
		{C5CCBBC4-8DBF-41B9-9F7C-9AB02C32F0FF}.Debug|Any CPU.ActiveCfg = Debug|Any CPU
		{C5CCBBC4-8DBF-41B9-9F7C-9AB02C32F0FF}.Debug|Any CPU.Build.0 = Debug|Any CPU
		{C5CCBBC4-8DBF-41B9-9F7C-9AB02C32F0FF}.Release|Any CPU.ActiveCfg = Release|Any CPU
		{C5CCBBC4-8DBF-41B9-9F7C-9AB02C32F0FF}.Release|Any CPU.Build.0 = Release|Any CPU
	EndGlobalSection
	GlobalSection(SolutionProperties) = preSolution
		HideSolutionNode = FALSE
	EndGlobalSection
	GlobalSection(ExtensibilityGlobals) = postSolution
		SolutionGuid = {E99FEFB2-FC42-4E27-9F49-EC4330BF8C1C}
	EndGlobalSection
EndGlobal
